{
  "name": "ts-spec",
  "version": "1.6.0",
  "lockfileVersion": 2,
  "requires": true,
  "packages": {
    "": {
      "name": "ts-spec",
      "version": "1.6.0",
      "license": "ISC",
      "dependencies": {
        "free-types-core": "^0.8.0",
        "ts-trace": "github:geoffreytools/ts-trace"
      },
      "devDependencies": {
        "typescript": "^4.9.5"
      }
    },
    "node_modules/free-types-core": {
      "version": "0.8.0",
      "resolved": "https://registry.npmjs.org/free-types-core/-/free-types-core-0.8.0.tgz",
      "integrity": "sha512-Yr1NnPyY3Erm7hzlxK55ytlUbhVs7/V2/AfqzMKI/A74dvA0UW8e0HDBj2nONsqbRoYNaD0KQr+qVFN/wxq1lg=="
    },
    "node_modules/ts-trace": {
      "version": "1.3.1",
      "resolved": "git+ssh://git@github.com/geoffreytools/ts-trace.git#9a51b02a24fb9e4d3b445f5480aad9afd889ecca",
      "license": "ISC"
    },
    "node_modules/typescript": {
      "version": "4.9.5",
      "resolved": "https://registry.npmjs.org/typescript/-/typescript-4.9.5.tgz",
      "integrity": "sha512-1FXk9E2Hm+QzZQ7z+McJiHL4NW1F2EzMu9Nq9i3zAaGqibafqYwCVU6WyWAuyQRRzOlxou8xZSyXLEN8oKj24g==",
      "dev": true,
      "bin": {
        "tsc": "bin/tsc",
        "tsserver": "bin/tsserver"
      },
      "engines": {
        "node": ">=4.2.0"
      }
    }
  },
  "dependencies": {
    "free-types-core": {
      "version": "0.8.0",
      "resolved": "https://registry.npmjs.org/free-types-core/-/free-types-core-0.8.0.tgz",
      "integrity": "sha512-Yr1NnPyY3Erm7hzlxK55ytlUbhVs7/V2/AfqzMKI/A74dvA0UW8e0HDBj2nONsqbRoYNaD0KQr+qVFN/wxq1lg=="
    },
    "ts-trace": {
      "version": "git+ssh://git@github.com/geoffreytools/ts-trace.git#9a51b02a24fb9e4d3b445f5480aad9afd889ecca",
      "from": "ts-trace@github:geoffreytools/ts-trace"
    },
    "typescript": {
      "version": "4.9.5",
      "resolved": "https://registry.npmjs.org/typescript/-/typescript-4.9.5.tgz",
      "integrity": "sha512-1FXk9E2Hm+QzZQ7z+McJiHL4NW1F2EzMu9Nq9i3zAaGqibafqYwCVU6WyWAuyQRRzOlxou8xZSyXLEN8oKj24g==",
      "dev": true
    }
  }
}
