{
  "name": "ts-spec",
  "version": "1.4.2",
  "lockfileVersion": 2,
  "requires": true,
  "packages": {
    "": {
      "name": "ts-spec",
      "version": "1.4.2",
      "license": "ISC",
      "dependencies": {
        "free-types-core": "^0.4.6"
      },
      "devDependencies": {
        "typescript": "^4.9.5"
      }
    },
    "node_modules/free-types-core": {
      "version": "0.4.6",
      "resolved": "https://registry.npmjs.org/free-types-core/-/free-types-core-0.4.6.tgz",
      "integrity": "sha512-HughYxrv8n8r/10vth4tKst2XK2vnE3An3WZIz653oKXx03kqGpomGes2qUQm9j8Iv95Y7SweLkSI6Q1Boh3hw=="
    },
    "node_modules/typescript": {
      "version": "4.9.5",
      "resolved": "https://registry.npmjs.org/typescript/-/typescript-4.9.5.tgz",
      "integrity": "sha512-1FXk9E2Hm+QzZQ7z+McJiHL4NW1F2EzMu9Nq9i3zAaGqibafqYwCVU6WyWAuyQRRzOlxou8xZSyXLEN8oKj24g==",
      "dev": true,
      "bin": {
        "tsc": "bin/tsc",
        "tsserver": "bin/tsserver"
      },
      "engines": {
        "node": ">=4.2.0"
      }
    }
  },
  "dependencies": {
    "free-types-core": {
      "version": "0.4.6",
      "resolved": "https://registry.npmjs.org/free-types-core/-/free-types-core-0.4.6.tgz",
      "integrity": "sha512-HughYxrv8n8r/10vth4tKst2XK2vnE3An3WZIz653oKXx03kqGpomGes2qUQm9j8Iv95Y7SweLkSI6Q1Boh3hw=="
    },
    "typescript": {
      "version": "4.9.5",
      "resolved": "https://registry.npmjs.org/typescript/-/typescript-4.9.5.tgz",
      "integrity": "sha512-1FXk9E2Hm+QzZQ7z+McJiHL4NW1F2EzMu9Nq9i3zAaGqibafqYwCVU6WyWAuyQRRzOlxou8xZSyXLEN8oKj24g==",
      "dev": true
    }
  }
}
