{
  "name": "ts-spec",
  "version": "1.2.1",
  "lockfileVersion": 2,
  "requires": true,
  "packages": {
    "": {
      "name": "ts-spec",
      "version": "1.2.1",
      "license": "ISC",
      "dependencies": {
        "free-types-core": "^0.4.6"
      },
      "devDependencies": {
        "typescript": "^4.7.4"
      }
    },
    "node_modules/free-types-core": {
      "version": "0.4.6",
      "resolved": "https://registry.npmjs.org/free-types-core/-/free-types-core-0.4.6.tgz",
      "integrity": "sha512-HughYxrv8n8r/10vth4tKst2XK2vnE3An3WZIz653oKXx03kqGpomGes2qUQm9j8Iv95Y7SweLkSI6Q1Boh3hw=="
    },
    "node_modules/typescript": {
      "version": "4.7.4",
      "resolved": "https://registry.npmjs.org/typescript/-/typescript-4.7.4.tgz",
      "integrity": "sha512-C0WQT0gezHuw6AdY1M2jxUO83Rjf0HP7Sk1DtXj6j1EwkQNZrHAg2XPWlq62oqEhYvONq5pkC2Y9oPljWToLmQ==",
      "dev": true,
      "bin": {
        "tsc": "bin/tsc",
        "tsserver": "bin/tsserver"
      },
      "engines": {
        "node": ">=4.2.0"
      }
    }
  },
  "dependencies": {
    "free-types-core": {
      "version": "0.4.6",
      "resolved": "https://registry.npmjs.org/free-types-core/-/free-types-core-0.4.6.tgz",
      "integrity": "sha512-HughYxrv8n8r/10vth4tKst2XK2vnE3An3WZIz653oKXx03kqGpomGes2qUQm9j8Iv95Y7SweLkSI6Q1Boh3hw=="
    },
    "typescript": {
      "version": "4.7.4",
      "resolved": "https://registry.npmjs.org/typescript/-/typescript-4.7.4.tgz",
      "integrity": "sha512-C0WQT0gezHuw6AdY1M2jxUO83Rjf0HP7Sk1DtXj6j1EwkQNZrHAg2XPWlq62oqEhYvONq5pkC2Y9oPljWToLmQ==",
      "dev": true
    }
  }
}
